
Microsoft Visual Studio Solution File, Format Version 12.00
# Visual Studio Version 16
VisualStudioVersion = 16.0.31624.102
MinimumVisualStudioVersion = 10.0.40219.1
Project("{9A19103F-16F7-4668-BE54-9A1E7A4F7556}") = "Bulls_and_cows", "Bulls_and_cows.csproj", "{5B28EBE7-CF26-4AEF-AE41-AA5888DE00C5}"
EndProject
Global
	GlobalSection(SolutionConfigurationPlatforms) = preSolution
		Debug|Any CPU = Debug|Any CPU
		Release|Any CPU = Release|Any CPU
	EndGlobalSection
	GlobalSection(ProjectConfigurationPlatforms) = postSolution
		{5B28EBE7-CF26-4AEF-AE41-AA5888DE00C5}.Debug|Any CPU.ActiveCfg = Debug|Any CPU
		{5B28EBE7-CF26-4AEF-AE41-AA5888DE00C5}.Debug|Any CPU.Build.0 = Debug|Any CPU
		{5B28EBE7-CF26-4AEF-AE41-AA5888DE00C5}.Release|Any CPU.ActiveCfg = Release|Any CPU
		{5B28EBE7-CF26-4AEF-AE41-AA5888DE00C5}.Release|Any CPU.Build.0 = Release|Any CPU
	EndGlobalSection
	GlobalSection(SolutionProperties) = preSolution
		HideSolutionNode = FALSE
	EndGlobalSection
	GlobalSection(ExtensibilityGlobals) = postSolution
		SolutionGuid = {FCB03890-BB96-4EBB-9174-CCB2A304F2E0}
	EndGlobalSection
EndGlobal
