
Microsoft Visual Studio Solution File, Format Version 12.00
# Visual Studio Version 16
VisualStudioVersion = 16.0.31911.196
MinimumVisualStudioVersion = 10.0.40219.1
Project("{FAE04EC0-301F-11D3-BF4B-00C04F79EFBC}") = "TransportApp", "TransportApp.csproj", "{29B9328F-2EE0-46F7-BC3D-DA641459B342}"
EndProject
Project("{FAE04EC0-301F-11D3-BF4B-00C04F79EFBC}") = "EKRLib", "..\EKRLib\EKRLib.csproj", "{D20AD95E-8C8F-4D48-958E-065D80710AC8}"
EndProject
Global
	GlobalSection(SolutionConfigurationPlatforms) = preSolution
		Debug|Any CPU = Debug|Any CPU
		Release|Any CPU = Release|Any CPU
	EndGlobalSection
	GlobalSection(ProjectConfigurationPlatforms) = postSolution
		{29B9328F-2EE0-46F7-BC3D-DA641459B342}.Debug|Any CPU.ActiveCfg = Debug|Any CPU
		{29B9328F-2EE0-46F7-BC3D-DA641459B342}.Debug|Any CPU.Build.0 = Debug|Any CPU
		{29B9328F-2EE0-46F7-BC3D-DA641459B342}.Release|Any CPU.ActiveCfg = Release|Any CPU
		{29B9328F-2EE0-46F7-BC3D-DA641459B342}.Release|Any CPU.Build.0 = Release|Any CPU
		{D20AD95E-8C8F-4D48-958E-065D80710AC8}.Debug|Any CPU.ActiveCfg = Debug|Any CPU
		{D20AD95E-8C8F-4D48-958E-065D80710AC8}.Debug|Any CPU.Build.0 = Debug|Any CPU
		{D20AD95E-8C8F-4D48-958E-065D80710AC8}.Release|Any CPU.ActiveCfg = Release|Any CPU
		{D20AD95E-8C8F-4D48-958E-065D80710AC8}.Release|Any CPU.Build.0 = Release|Any CPU
	EndGlobalSection
	GlobalSection(SolutionProperties) = preSolution
		HideSolutionNode = FALSE
	EndGlobalSection
	GlobalSection(ExtensibilityGlobals) = postSolution
		SolutionGuid = {65780304-194D-4E4B-B75F-6EF79BA84138}
	EndGlobalSection
EndGlobal
